// !$*UTF8*$!
{
	archiveVersion = 1;
	classes = {
	};
	objectVersion = 51;
	objects = {

/* Begin PBXBuildFile section */
		12F20ACA271F0BCE00B6DCA8 /* AppDelegate.swift in Sources */ = {isa = PBXBuildFile; fileRef = 12F20AC9271F0BCE00B6DCA8 /* AppDelegate.swift */; };
		12F20ACC271F0BCE00B6DCA8 /* SceneDelegate.swift in Sources */ = {isa = PBXBuildFile; fileRef = 12F20ACB271F0BCE00B6DCA8 /* SceneDelegate.swift */; };
		12F20ACE271F0BCE00B6DCA8 /* ViewController.swift in Sources */ = {isa = PBXBuildFile; fileRef = 12F20ACD271F0BCE00B6DCA8 /* ViewController.swift */; };
		12F20AD1271F0BCE00B6DCA8 /* Main.storyboard in Resources */ = {isa = PBXBuildFile; fileRef = 12F20ACF271F0BCE00B6DCA8 /* Main.storyboard */; };
		12F20AD3271F0BD000B6DCA8 /* Assets.xcassets in Resources */ = {isa = PBXBuildFile; fileRef = 12F20AD2271F0BD000B6DCA8 /* Assets.xcassets */; };
		12F20AD6271F0BD000B6DCA8 /* LaunchScreen.storyboard in Resources */ = {isa = PBXBuildFile; fileRef = 12F20AD4271F0BD000B6DCA8 /* LaunchScreen.storyboard */; };
		12F20AF3271F132800B6DCA8 /* GoogleService-Info.plist in Resources */ = {isa = PBXBuildFile; fileRef = 12F20AF2271F132800B6DCA8 /* GoogleService-Info.plist */; };
		F4C5B6BDCF8FFAFBF7168DBB /* Pods_FirestoreExample.framework in Frameworks */ = {isa = PBXBuildFile; fileRef = 66659CA5FC69A8435114DE74 /* Pods_FirestoreExample.framework */; };
/* End PBXBuildFile section */

/* Begin PBXFileReference section */
		12F20AC6271F0BCE00B6DCA8 /* FirestoreExample.app */ = {isa = PBXFileReference; explicitFileType = wrapper.application; includeInIndex = 0; path = FirestoreExample.app; sourceTree = BUILT_PRODUCTS_DIR; };
		12F20AC9271F0BCE00B6DCA8 /* AppDelegate.swift */ = {isa = PBXFileReference; lastKnownFileType = sourcecode.swift; path = AppDelegate.swift; sourceTree = "<group>"; };
		12F20ACB271F0BCE00B6DCA8 /* SceneDelegate.swift */ = {isa = PBXFileReference; lastKnownFileType = sourcecode.swift; path = SceneDelegate.swift; sourceTree = "<group>"; };
		12F20ACD271F0BCE00B6DCA8 /* ViewController.swift */ = {isa = PBXFileReference; lastKnownFileType = sourcecode.swift; path = ViewController.swift; sourceTree = "<group>"; };
		12F20AD0271F0BCE00B6DCA8 /* Base */ = {isa = PBXFileReference; lastKnownFileType = file.storyboard; name = Base; path = Base.lproj/Main.storyboard; sourceTree = "<group>"; };
		12F20AD2271F0BD000B6DCA8 /* Assets.xcassets */ = {isa = PBXFileReference; lastKnownFileType = folder.assetcatalog; path = Assets.xcassets; sourceTree = "<group>"; };
		12F20AD5271F0BD000B6DCA8 /* Base */ = {isa = PBXFileReference; lastKnownFileType = file.storyboard; name = Base; path = Base.lproj/LaunchScreen.storyboard; sourceTree = "<group>"; };
		12F20AD7271F0BD000B6DCA8 /* Info.plist */ = {isa = PBXFileReference; lastKnownFileType = text.plist.xml; path = Info.plist; sourceTree = "<group>"; };
		12F20AF2271F132800B6DCA8 /* GoogleService-Info.plist */ = {isa = PBXFileReference; fileEncoding = 4; lastKnownFileType = text.plist.xml; path = "GoogleService-Info.plist"; sourceTree = "<group>"; };
		4F514EAEDA0CD749557AB7F4 /* Pods-FirestoreExample.release.xcconfig */ = {isa = PBXFileReference; includeInIndex = 1; lastKnownFileType = text.xcconfig; name = "Pods-FirestoreExample.release.xcconfig"; path = "Target Support Files/Pods-FirestoreExample/Pods-FirestoreExample.release.xcconfig"; sourceTree = "<group>"; };
		66659CA5FC69A8435114DE74 /* Pods_FirestoreExample.framework */ = {isa = PBXFileReference; explicitFileType = wrapper.framework; includeInIndex = 0; path = Pods_FirestoreExample.framework; sourceTree = BUILT_PRODUCTS_DIR; };
		B8EBB8FE31A03B8A92F5CD5F /* Pods-FirestoreExample.debug.xcconfig */ = {isa = PBXFileReference; includeInIndex = 1; lastKnownFileType = text.xcconfig; name = "Pods-FirestoreExample.debug.xcconfig"; path = "Target Support Files/Pods-FirestoreExample/Pods-FirestoreExample.debug.xcconfig"; sourceTree = "<group>"; };
/* End PBXFileReference section */

/* Begin PBXFrameworksBuildPhase section */
		12F20AC3271F0BCE00B6DCA8 /* Frameworks */ = {
			isa = PBXFrameworksBuildPhase;
			buildActionMask = 2147483647;
			files = (
				F4C5B6BDCF8FFAFBF7168DBB /* Pods_FirestoreExample.framework in Frameworks */,
			);
			runOnlyForDeploymentPostprocessing = 0;
		};
/* End PBXFrameworksBuildPhase section */

/* Begin PBXGroup section */
		12F20ABD271F0BCE00B6DCA8 = {
			isa = PBXGroup;
			children = (
				12F20AC8271F0BCE00B6DCA8 /* FirestoreExample */,
				12F20AC7271F0BCE00B6DCA8 /* Products */,
				F7C176129B722CEEBD4FD7FB /* Pods */,
				E77CE4D4C657BCB2BE7EA63E /* Frameworks */,
			);
			sourceTree = "<group>";
		};
		12F20AC7271F0BCE00B6DCA8 /* Products */ = {
			isa = PBXGroup;
			children = (
				12F20AC6271F0BCE00B6DCA8 /* FirestoreExample.app */,
			);
			name = Products;
			sourceTree = "<group>";
		};
		12F20AC8271F0BCE00B6DCA8 /* FirestoreExample */ = {
			isa = PBXGroup;
			children = (
				12F20AC9271F0BCE00B6DCA8 /* AppDelegate.swift */,
				12F20AF2271F132800B6DCA8 /* GoogleService-Info.plist */,
				12F20ACB271F0BCE00B6DCA8 /* SceneDelegate.swift */,
				12F20ACD271F0BCE00B6DCA8 /* ViewController.swift */,
				12F20ACF271F0BCE00B6DCA8 /* Main.storyboard */,
				12F20AD2271F0BD000B6DCA8 /* Assets.xcassets */,
				12F20AD4271F0BD000B6DCA8 /* LaunchScreen.storyboard */,
				12F20AD7271F0BD000B6DCA8 /* Info.plist */,
			);
			path = FirestoreExample;
			sourceTree = "<group>";
		};
		E77CE4D4C657BCB2BE7EA63E /* Frameworks */ = {
			isa = PBXGroup;
			children = (
				66659CA5FC69A8435114DE74 /* Pods_FirestoreExample.framework */,
			);
			name = Frameworks;
			sourceTree = "<group>";
		};
		F7C176129B722CEEBD4FD7FB /* Pods */ = {
			isa = PBXGroup;
			children = (
				B8EBB8FE31A03B8A92F5CD5F /* Pods-FirestoreExample.debug.xcconfig */,
				4F514EAEDA0CD749557AB7F4 /* Pods-FirestoreExample.release.xcconfig */,
			);
			path = Pods;
			sourceTree = "<group>";
		};
/* End PBXGroup section */

/* Begin PBXNativeTarget section */
		12F20AC5271F0BCE00B6DCA8 /* FirestoreExample */ = {
			isa = PBXNativeTarget;
			buildConfigurationList = 12F20ADA271F0BD000B6DCA8 /* Build configuration list for PBXNativeTarget "FirestoreExample" */;
			buildPhases = (
				CDF4738F2DA6213F1A07B7CB /* [CP] Check Pods Manifest.lock */,
				12F20AC2271F0BCE00B6DCA8 /* Sources */,
				12F20AC3271F0BCE00B6DCA8 /* Frameworks */,
				12F20AC4271F0BCE00B6DCA8 /* Resources */,
				39F790A1EF1DD354834BA029 /* [CP] Embed Pods Frameworks */,
			);
			buildRules = (
			);
			dependencies = (
			);
			name = FirestoreExample;
			productName = FirestoreExample;
			productReference = 12F20AC6271F0BCE00B6DCA8 /* FirestoreExample.app */;
			productType = "com.apple.product-type.application";
		};
/* End PBXNativeTarget section */

/* Begin PBXProject section */
		12F20ABE271F0BCE00B6DCA8 /* Project object */ = {
			isa = PBXProject;
			attributes = {
				LastSwiftUpdateCheck = 1240;
				LastUpgradeCheck = 1240;
				TargetAttributes = {
					12F20AC5271F0BCE00B6DCA8 = {
						CreatedOnToolsVersion = 12.4;
					};
				};
			};
			buildConfigurationList = 12F20AC1271F0BCE00B6DCA8 /* Build configuration list for PBXProject "FirestoreExample" */;
			compatibilityVersion = "Xcode 9.3";
			developmentRegion = en;
			hasScannedForEncodings = 0;
			knownRegions = (
				en,
				Base,
			);
			mainGroup = 12F20ABD271F0BCE00B6DCA8;
			productRefGroup = 12F20AC7271F0BCE00B6DCA8 /* Products */;
			projectDirPath = "";
			projectRoot = "";
			targets = (
				12F20AC5271F0BCE00B6DCA8 /* FirestoreExample */,
			);
		};
/* End PBXProject section */

/* Begin PBXResourcesBuildPhase section */
		12F20AC4271F0BCE00B6DCA8 /* Resources */ = {
			isa = PBXResourcesBuildPhase;
			buildActionMask = 2147483647;
			files = (
				12F20AD6271F0BD000B6DCA8 /* LaunchScreen.storyboard in Resources */,
				12F20AF3271F132800B6DCA8 /* GoogleService-Info.plist in Resources */,
				12F20AD3271F0BD000B6DCA8 /* Assets.xcassets in Resources */,
				12F20AD1271F0BCE00B6DCA8 /* Main.storyboard in Resources */,
			);
			runOnlyForDeploymentPostprocessing = 0;
		};
/* End PBXResourcesBuildPhase section */

/* Begin PBXShellScriptBuildPhase section */
		39F790A1EF1DD354834BA029 /* [CP] Embed Pods Frameworks */ = {
			isa = PBXShellScriptBuildPhase;
			buildActionMask = 2147483647;
			files = (
			);
			inputFileListPaths = (
				"${PODS_ROOT}/Target Support Files/Pods-FirestoreExample/Pods-FirestoreExample-frameworks-${CONFIGURATION}-input-files.xcfilelist",
			);
			name = "[CP] Embed Pods Frameworks";
			outputFileListPaths = (
				"${PODS_ROOT}/Target Support Files/Pods-FirestoreExample/Pods-FirestoreExample-frameworks-${CONFIGURATION}-output-files.xcfilelist",
			);
			runOnlyForDeploymentPostprocessing = 0;
			shellPath = /bin/sh;
			shellScript = "\"${PODS_ROOT}/Target Support Files/Pods-FirestoreExample/Pods-FirestoreExample-frameworks.sh\"\n";
			showEnvVarsInLog = 0;
		};
		CDF4738F2DA6213F1A07B7CB /* [CP] Check Pods Manifest.lock */ = {
			isa = PBXShellScriptBuildPhase;
			buildActionMask = 2147483647;
			files = (
			);
			inputFileListPaths = (
			);
			inputPaths = (
				"${PODS_PODFILE_DIR_PATH}/Podfile.lock",
				"${PODS_ROOT}/Manifest.lock",
			);
			name = "[CP] Check Pods Manifest.lock";
			outputFileListPaths = (
			);
			outputPaths = (
				"$(DERIVED_FILE_DIR)/Pods-FirestoreExample-checkManifestLockResult.txt",
			);
			runOnlyForDeploymentPostprocessing = 0;
			shellPath = /bin/sh;
			shellScript = "diff \"${PODS_PODFILE_DIR_PATH}/Podfile.lock\" \"${PODS_ROOT}/Manifest.lock\" > /dev/null\nif [ $? != 0 ] ; then\n    # print error to STDERR\n    echo \"error: The sandbox is not in sync with the Podfile.lock. Run 'pod install' or update your CocoaPods installation.\" >&2\n    exit 1\nfi\n# This output is used by Xcode 'outputs' to avoid re-running this script phase.\necho \"SUCCESS\" > \"${SCRIPT_OUTPUT_FILE_0}\"\n";
			showEnvVarsInLog = 0;
		};
/* End PBXShellScriptBuildPhase section */

/* Begin PBXSourcesBuildPhase section */
		12F20AC2271F0BCE00B6DCA8 /* Sources */ = {
			isa = PBXSourcesBuildPhase;
			buildActionMask = 2147483647;
			files = (
				12F20ACE271F0BCE00B6DCA8 /* ViewController.swift in Sources */,
				12F20ACA271F0BCE00B6DCA8 /* AppDelegate.swift in Sources */,
				12F20ACC271F0BCE00B6DCA8 /* SceneDelegate.swift in Sources */,
			);
			runOnlyForDeploymentPostprocessing = 0;
		};
/* End PBXSourcesBuildPhase section */

/* Begin PBXVariantGroup section */
		12F20ACF271F0BCE00B6DCA8 /* Main.storyboard */ = {
			isa = PBXVariantGroup;
			children = (
				12F20AD0271F0BCE00B6DCA8 /* Base */,
			);
			name = Main.storyboard;
			sourceTree = "<group>";
		};
		12F20AD4271F0BD000B6DCA8 /* LaunchScreen.storyboard */ = {
			isa = PBXVariantGroup;
			children = (
				12F20AD5271F0BD000B6DCA8 /* Base */,
			);
			name = LaunchScreen.storyboard;
			sourceTree = "<group>";
		};
/* End PBXVariantGroup section */

/* Begin XCBuildConfiguration section */
		12F20AD8271F0BD000B6DCA8 /* Debug */ = {
			isa = XCBuildConfiguration;
			buildSettings = {
				ALWAYS_SEARCH_USER_PATHS = NO;
				CLANG_ANALYZER_NONNULL = YES;
				CLANG_ANALYZER_NUMBER_OBJECT_CONVERSION = YES_AGGRESSIVE;
				CLANG_CXX_LANGUAGE_STANDARD = "gnu++14";
				CLANG_CXX_LIBRARY = "libc++";
				CLANG_ENABLE_MODULES = YES;
				CLANG_ENABLE_OBJC_ARC = YES;
				CLANG_ENABLE_OBJC_WEAK = YES;
				CLANG_WARN_BLOCK_CAPTURE_AUTORELEASING = YES;
				CLANG_WARN_BOOL_CONVERSION = YES;
				CLANG_WARN_COMMA = YES;
				CLANG_WARN_CONSTANT_CONVERSION = YES;
				CLANG_WARN_DEPRECATED_OBJC_IMPLEMENTATIONS = YES;
				CLANG_WARN_DIRECT_OBJC_ISA_USAGE = YES_ERROR;
				CLANG_WARN_DOCUMENTATION_COMMENTS = YES;
				CLANG_WARN_EMPTY_BODY = YES;
				CLANG_WARN_ENUM_CONVERSION = YES;
				CLANG_WARN_INFINITE_RECURSION = YES;
				CLANG_WARN_INT_CONVERSION = YES;
				CLANG_WARN_NON_LITERAL_NULL_CONVERSION = YES;
				CLANG_WARN_OBJC_IMPLICIT_RETAIN_SELF = YES;
				CLANG_WARN_OBJC_LITERAL_CONVERSION = YES;
				CLANG_WARN_OBJC_ROOT_CLASS = YES_ERROR;
				CLANG_WARN_QUOTED_INCLUDE_IN_FRAMEWORK_HEADER = YES;
				CLANG_WARN_RANGE_LOOP_ANALYSIS = YES;
				CLANG_WARN_STRICT_PROTOTYPES = YES;
				CLANG_WARN_SUSPICIOUS_MOVE = YES;
				CLANG_WARN_UNGUARDED_AVAILABILITY = YES_AGGRESSIVE;
				CLANG_WARN_UNREACHABLE_CODE = YES;
				CLANG_WARN__DUPLICATE_METHOD_MATCH = YES;
				COPY_PHASE_STRIP = NO;
				DEBUG_INFORMATION_FORMAT = dwarf;
				ENABLE_STRICT_OBJC_MSGSEND = YES;
				ENABLE_TESTABILITY = YES;
				GCC_C_LANGUAGE_STANDARD = gnu11;
				GCC_DYNAMIC_NO_PIC = NO;
				GCC_NO_COMMON_BLOCKS = YES;
				GCC_OPTIMIZATION_LEVEL = 0;
				GCC_PREPROCESSOR_DEFINITIONS = (
					"DEBUG=1",
					"$(inherited)",
				);
				GCC_WARN_64_TO_32_BIT_CONVERSION = YES;
				GCC_WARN_ABOUT_RETURN_TYPE = YES_ERROR;
				GCC_WARN_UNDECLARED_SELECTOR = YES;
				GCC_WARN_UNINITIALIZED_AUTOS = YES_AGGRESSIVE;
				GCC_WARN_UNUSED_FUNCTION = YES;
				GCC_WARN_UNUSED_VARIABLE = YES;
				IPHONEOS_DEPLOYMENT_TARGET = 14.4;
				MTL_ENABLE_DEBUG_INFO = INCLUDE_SOURCE;
				MTL_FAST_MATH = YES;
				ONLY_ACTIVE_ARCH = YES;
				SDKROOT = iphoneos;
				SWIFT_ACTIVE_COMPILATION_CONDITIONS = DEBUG;
				SWIFT_OPTIMIZATION_LEVEL = "-Onone";
			};
			name = Debug;
		};
		12F20AD9271F0BD000B6DCA8 /* Release */ = {
			isa = XCBuildConfiguration;
			buildSettings = {
				ALWAYS_SEARCH_USER_PATHS = NO;
				CLANG_ANALYZER_NONNULL = YES;
				CLANG_ANALYZER_NUMBER_OBJECT_CONVERSION = YES_AGGRESSIVE;
				CLANG_CXX_LANGUAGE_STANDARD = "gnu++14";
				CLANG_CXX_LIBRARY = "libc++";
				CLANG_ENABLE_MODULES = YES;
				CLANG_ENABLE_OBJC_ARC = YES;
				CLANG_ENABLE_OBJC_WEAK = YES;
				CLANG_WARN_BLOCK_CAPTURE_AUTORELEASING = YES;
				CLANG_WARN_BOOL_CONVERSION = YES;
				CLANG_WARN_COMMA = YES;
				CLANG_WARN_CONSTANT_CONVERSION = YES;
				CLANG_WARN_DEPRECATED_OBJC_IMPLEMENTATIONS = YES;
				CLANG_WARN_DIRECT_OBJC_ISA_USAGE = YES_ERROR;
				CLANG_WARN_DOCUMENTATION_COMMENTS = YES;
				CLANG_WARN_EMPTY_BODY = YES;
				CLANG_WARN_ENUM_CONVERSION = YES;
				CLANG_WARN_INFINITE_RECURSION = YES;
				CLANG_WARN_INT_CONVERSION = YES;
				CLANG_WARN_NON_LITERAL_NULL_CONVERSION = YES;
				CLANG_WARN_OBJC_IMPLICIT_RETAIN_SELF = YES;
				CLANG_WARN_OBJC_LITERAL_CONVERSION = YES;
				CLANG_WARN_OBJC_ROOT_CLASS = YES_ERROR;
				CLANG_WARN_QUOTED_INCLUDE_IN_FRAMEWORK_HEADER = YES;
				CLANG_WARN_RANGE_LOOP_ANALYSIS = YES;
				CLANG_WARN_STRICT_PROTOTYPES = YES;
				CLANG_WARN_SUSPICIOUS_MOVE = YES;
				CLANG_WARN_UNGUARDED_AVAILABILITY = YES_AGGRESSIVE;
				CLANG_WARN_UNREACHABLE_CODE = YES;
				CLANG_WARN__DUPLICATE_METHOD_MATCH = YES;
				COPY_PHASE_STRIP = NO;
				DEBUG_INFORMATION_FORMAT = "dwarf-with-dsym";
				ENABLE_NS_ASSERTIONS = NO;
				ENABLE_STRICT_OBJC_MSGSEND = YES;
				GCC_C_LANGUAGE_STANDARD = gnu11;
				GCC_NO_COMMON_BLOCKS = YES;
				GCC_WARN_64_TO_32_BIT_CONVERSION = YES;
				GCC_WARN_ABOUT_RETURN_TYPE = YES_ERROR;
				GCC_WARN_UNDECLARED_SELECTOR = YES;
				GCC_WARN_UNINITIALIZED_AUTOS = YES_AGGRESSIVE;
				GCC_WARN_UNUSED_FUNCTION = YES;
				GCC_WARN_UNUSED_VARIABLE = YES;
				IPHONEOS_DEPLOYMENT_TARGET = 14.4;
				MTL_ENABLE_DEBUG_INFO = NO;
				MTL_FAST_MATH = YES;
				SDKROOT = iphoneos;
				SWIFT_COMPILATION_MODE = wholemodule;
				SWIFT_OPTIMIZATION_LEVEL = "-O";
				VALIDATE_PRODUCT = YES;
			};
			name = Release;
		};
		12F20ADB271F0BD000B6DCA8 /* Debug */ = {
			isa = XCBuildConfiguration;
			baseConfigurationReference = B8EBB8FE31A03B8A92F5CD5F /* Pods-FirestoreExample.debug.xcconfig */;
			buildSettings = {
				ASSETCATALOG_COMPILER_APPICON_NAME = AppIcon;
				ASSETCATALOG_COMPILER_GLOBAL_ACCENT_COLOR_NAME = AccentColor;
				CODE_SIGN_STYLE = Automatic;
				DEVELOPMENT_TEAM = 3797M245X7;
				INFOPLIST_FILE = FirestoreExample/Info.plist;
				IPHONEOS_DEPLOYMENT_TARGET = 13.0;
				LD_RUNPATH_SEARCH_PATHS = (
					"$(inherited)",
					"@executable_path/Frameworks",
				);
				PRODUCT_BUNDLE_IDENTIFIER = othmanshahrouri.FirestoreExample;
				PRODUCT_NAME = "$(TARGET_NAME)";
				SWIFT_VERSION = 5.0;
				TARGETED_DEVICE_FAMILY = "1,2";
			};
			name = Debug;
		};
		12F20ADC271F0BD000B6DCA8 /* Release */ = {
			isa = XCBuildConfiguration;
			baseConfigurationReference = 4F514EAEDA0CD749557AB7F4 /* Pods-FirestoreExample.release.xcconfig */;
			buildSettings = {
				ASSETCATALOG_COMPILER_APPICON_NAME = AppIcon;
				ASSETCATALOG_COMPILER_GLOBAL_ACCENT_COLOR_NAME = AccentColor;
				CODE_SIGN_STYLE = Automatic;
				DEVELOPMENT_TEAM = 3797M245X7;
				INFOPLIST_FILE = FirestoreExample/Info.plist;
				IPHONEOS_DEPLOYMENT_TARGET = 13.0;
				LD_RUNPATH_SEARCH_PATHS = (
					"$(inherited)",
					"@executable_path/Frameworks",
				);
				PRODUCT_BUNDLE_IDENTIFIER = othmanshahrouri.FirestoreExample;
				PRODUCT_NAME = "$(TARGET_NAME)";
				SWIFT_VERSION = 5.0;
				TARGETED_DEVICE_FAMILY = "1,2";
			};
			name = Release;
		};
/* End XCBuildConfiguration section */

/* Begin XCConfigurationList section */
		12F20AC1271F0BCE00B6DCA8 /* Build configuration list for PBXProject "FirestoreExample" */ = {
			isa = XCConfigurationList;
			buildConfigurations = (
				12F20AD8271F0BD000B6DCA8 /* Debug */,
				12F20AD9271F0BD000B6DCA8 /* Release */,
			);
			defaultConfigurationIsVisible = 0;
			defaultConfigurationName = Release;
		};
		12F20ADA271F0BD000B6DCA8 /* Build configuration list for PBXNativeTarget "FirestoreExample" */ = {
			isa = XCConfigurationList;
			buildConfigurations = (
				12F20ADB271F0BD000B6DCA8 /* Debug */,
				12F20ADC271F0BD000B6DCA8 /* Release */,
			);
			defaultConfigurationIsVisible = 0;
			defaultConfigurationName = Release;
		};
/* End XCConfigurationList section */
	};
	rootObject = 12F20ABE271F0BCE00B6DCA8 /* Project object */;
}
